# This file is autogenerated, do not edit; changes may be undone by the next 'dep ensure'.


[[projects]]
  digest = "1:9f3b30d9f8e0d7040f729b82dcbc8f0dead820a133b3147ce355fc451f32d761"
  name = "github.com/BurntSushi/toml"
  packages = ["."]
  pruneopts = "UT"
  revision = "3012a1dbe2e4bd1391d42b32f0577cb7bbc7f005"
  version = "v0.3.1"

[[projects]]
  digest = "1:abeb38ade3f32a92943e5be54f55ed6d6e3b6602761d74b4aab4c9dd45c18abd"
  name = "github.com/fsnotify/fsnotify"
  packages = ["."]
  pruneopts = "UT"
  revision = "c2828203cd70a50dcccfb2761f8b1f8ceef9a8e9"
  version = "v1.4.7"

[[projects]]
  digest = "1:3ee1d175a75b911a659fbd860060874c4f503e793c5870d13e5a0ede529a63cf"
  name = "github.com/gin-contrib/sse"
  packages = ["."]
  pruneopts = "UT"
  revision = "54d8467d122d380a14768b6b4e5cd7ca4755938f"
  version = "v0.1.0"

[[projects]]
  digest = "1:249eec71412b5d3bb94374292ccbc81a1e8314cd2c6b2c830add3357e6c4b842"
  name = "github.com/gin-gonic/gin"
  packages = [
    ".",
    "binding",
    "internal/json",
    "render",
  ]
  pruneopts = "UT"
  revision = "15ced05c5316609bce5b43389f8e3f06102a8b18"
  version = "v1.5.0"

[[projects]]
  digest = "1:e1cbe9ce835f515ce57500b8db6b94f399650bea2ddfac59f9b05d98db77a96d"
  name = "github.com/go-playground/locales"
  packages = [
    ".",
    "currency",
  ]
  pruneopts = "UT"
  revision = "9f105231d3a5f6877a2bf8321dfa15ea6f844b1b"
  version = "v0.13.0"

[[projects]]
  digest = "1:0d18fff5db6983e912eb2ac15038ed3eabb8ec03c9bd9129b10cd0213f50ec6d"
  name = "github.com/go-playground/universal-translator"
  packages = ["."]
  pruneopts = "UT"
  revision = "f87b1403479a348651dbf5f07f5cc6e5fcf07008"
  version = "v0.17.0"

[[projects]]
  digest = "1:a3af33fd30536d9c5a7b6ad542390919e57c1125097a194c7b3d9904109a0611"
  name = "github.com/go-sql-driver/mysql"
  packages = ["."]
  pruneopts = "UT"
  revision = "17ef3dd9d98b69acec3e85878995ada9533a9370"
  version = "v1.5.0"

[[projects]]
  digest = "1:d1e35b720b5f5156502ffdd174000c81295919293735342da78582e4dc7a8bcd"
  name = "github.com/golang/protobuf"
  packages = ["proto"]
  pruneopts = "UT"
  revision = "d23c5127dc24889085f8ccea5c9d560a57a879d8"
  version = "v1.3.3"

[[projects]]
  digest = "1:38ec74012390146c45af1f92d46e5382b50531247929ff3a685d2b2be65155ac"
  name = "github.com/gomodule/redigo"
  packages = [
    "internal",
    "redis",
  ]
  pruneopts = "UT"
  revision = "9c11da706d9b7902c6da69c592f75637793fe121"
  version = "v2.0.0"

[[projects]]
  digest = "1:c0d19ab64b32ce9fe5cf4ddceba78d5bc9807f0016db6b1183599da3dcc24d10"
  name = "github.com/hashicorp/hcl"
  packages = [
    ".",
    "hcl/ast",
    "hcl/parser",
    "hcl/printer",
    "hcl/scanner",
    "hcl/strconv",
    "hcl/token",
    "json/parser",
    "json/scanner",
    "json/token",
  ]
  pruneopts = "UT"
  revision = "8cb6e5b959231cc1119e43259c4a608f9c51a241"
  version = "v1.0.0"

[[projects]]
  digest = "1:1474777fcd22636dda699562076f083bfc22ca2d2121bdfd3bf21a1ef0239fe7"
  name = "github.com/jinzhu/gorm"
  packages = ["."]
  pruneopts = "UT"
  revision = "79a77d771dee4e4b60e9c543e8663bbc80466670"
  version = "v1.9.12"

[[projects]]
  digest = "1:01ed62f8f4f574d8aff1d88caee113700a2b44c42351943fa73cc1808f736a50"
  name = "github.com/jinzhu/inflection"
  packages = ["."]
  pruneopts = "UT"
  revision = "f5c5f50e6090ae76a29240b61ae2a90dd810112e"
  version = "v1.0.0"

[[projects]]
  digest = "1:6c41d4f998a03b6604227ccad36edaed6126c397e5d78709ef4814a1145a6757"
  name = "github.com/jmoiron/sqlx"
  packages = [
    ".",
    "reflectx",
  ]
  pruneopts = "UT"
  revision = "d161d7a76b5661016ad0b085869f77fd410f3e6a"
  version = "v1.2.0"

[[projects]]
  digest = "1:7cd2924a44ecf80a319cfa2378529fabd348d011b739fb4eccc565f65e3296c4"
  name = "github.com/json-iterator/go"
  packages = ["."]
  pruneopts = "UT"
  revision = "acfec88f7a0d5140ace3dcdbee10184e3684a9e1"
  version = "v1.1.9"

[[projects]]
  branch = "master"
  digest = "1:c8e3faa6444c0f05082d6f67a0b01aca7b03fe589ba227eb1822832955826f76"
  name = "github.com/kanhaiya15/gra"
  packages = [
    "cfg",
    "cfg/dbs/kmysql",
    "cfg/dbs/kredis",
    "pkg/klog",
  ]
  pruneopts = "UT"
  revision = "56e4761f614994d5df701ea79463c98c81209da4"

[[projects]]
  digest = "1:803b281410ec195645c782ddb9cb029d43c2855d4b7824ea31104985b507a458"
  name = "github.com/leodido/go-urn"
  packages = ["."]
  pruneopts = "UT"
  revision = "a0f5013415294bb94553821ace21a1a74c0298cc"
  version = "v1.2.0"

[[projects]]
  digest = "1:5a0ef768465592efca0412f7e838cdc0826712f8447e70e6ccc52eb441e9ab13"
  name = "github.com/magiconair/properties"
  packages = ["."]
  pruneopts = "UT"
  revision = "de8848e004dd33dc07a2947b3d76f618a7fc7ef1"
  version = "v1.8.1"

[[projects]]
  digest = "1:0c58d31abe2a2ccb429c559b6292e7df89dcda675456fecc282fa90aa08273eb"
  name = "github.com/mattn/go-isatty"
  packages = ["."]
  pruneopts = "UT"
  revision = "7b513a986450394f7bbf1476909911b3aa3a55ce"
  version = "v0.0.12"

[[projects]]
  digest = "1:53bc4cd4914cd7cd52139990d5170d6dc99067ae31c56530621b18b35fc30318"
  name = "github.com/mitchellh/mapstructure"
  packages = ["."]
  pruneopts = "UT"
  revision = "3536a929edddb9a5b34bd6861dc4a9647cb459fe"
  version = "v1.1.2"

[[projects]]
  digest = "1:33422d238f147d247752996a26574ac48dcf472976eda7f5134015f06bf16563"
  name = "github.com/modern-go/concurrent"
  packages = ["."]
  pruneopts = "UT"
  revision = "bacd9c7ef1dd9b15be4a9909b8ac7a4e313eec94"
  version = "1.0.3"

[[projects]]
  digest = "1:e32bdbdb7c377a07a9a46378290059822efdce5c8d96fe71940d87cb4f918855"
  name = "github.com/modern-go/reflect2"
  packages = ["."]
  pruneopts = "UT"
  revision = "4b7aa43c6742a2c18fdef89dd197aaae7dac7ccd"
  version = "1.0.1"

[[projects]]
  digest = "1:6eea828983c70075ca297bb915ffbcfd3e34c5a50affd94428a65df955c0ff9c"
  name = "github.com/pelletier/go-toml"
  packages = ["."]
  pruneopts = "UT"
  revision = "903d9455db9ff1d7ac1ab199062eca7266dd11a3"
  version = "v1.6.0"

[[projects]]
  digest = "1:bb495ec276ab82d3dd08504bbc0594a65de8c3b22c6f2aaa92d05b73fbf3a82e"
  name = "github.com/spf13/afero"
  packages = [
    ".",
    "mem",
  ]
  pruneopts = "UT"
  revision = "588a75ec4f32903aa5e39a2619ba6a4631e28424"
  version = "v1.2.2"

[[projects]]
  digest = "1:ff4cd55a3666b6ea3a876c9e133bfb54d6c812e725409a773f2c94a0b3a92f4f"
  name = "github.com/spf13/cast"
  packages = ["."]
  pruneopts = "UT"
  revision = "1ffadf551085444af981432dd0f6d1160c11ec64"
  version = "v1.3.1"

[[projects]]
  digest = "1:1b753ec16506f5864d26a28b43703c58831255059644351bbcb019b843950900"
  name = "github.com/spf13/jwalterweatherman"
  packages = ["."]
  pruneopts = "UT"
  revision = "94f6ae3ed3bceceafa716478c5fbf8d29ca601a1"
  version = "v1.1.0"

[[projects]]
  digest = "1:524b71991fc7d9246cc7dc2d9e0886ccb97648091c63e30eef619e6862c955dd"
  name = "github.com/spf13/pflag"
  packages = ["."]
  pruneopts = "UT"
  revision = "2e9d26c8c37aae03e3f9d4e90b7116f5accb7cab"
  version = "v1.0.5"

[[projects]]
  digest = "1:83d0e0f3f46dc86daf27e4d7c834c8c492db787c53c09d94183de7478db92142"
  name = "github.com/spf13/viper"
  packages = ["."]
  pruneopts = "UT"
  revision = "4525543ce4fe90f7970f5e2cdc300b8ffc8c0582"
  version = "v1.6.2"

[[projects]]
  digest = "1:f4b32291cad5efac2bfdba89ccde6aa04618b62ce06c1a571da2dc4f3f2677fb"
  name = "github.com/subosito/gotenv"
  packages = ["."]
  pruneopts = "UT"
  revision = "2ef7124db659d49edac6aa459693a15ae36c671a"
  version = "v1.2.0"

[[projects]]
  digest = "1:8dc54cb56ba2b681dffeb3fe84bb5a40e4e64cd1d86cc59ee244a6c210868e6c"
  name = "github.com/thedevsaddam/govalidator"
  packages = ["."]
  pruneopts = "UT"
  revision = "9aa754d584410c79e165fe6897bae5643dea6b90"
  version = "v1.9.9"

[[projects]]
  digest = "1:5a1cf4e370bc86137b58da2ae065e76526d32b11f62a7665f36dbd5f41fa95ff"
  name = "github.com/ugorji/go"
  packages = ["codec"]
  pruneopts = "UT"
  revision = "23ab95ef5dc3b70286760af84ce2327a2b64ed62"
  version = "v1.1.7"

[[projects]]
  digest = "1:c708d00d1097e62bf4f3a72f239efa7dafc257581421b0b7d3789e1ff5299f30"
  name = "go.uber.org/atomic"
  packages = ["."]
  pruneopts = "UT"
  revision = "40ae6a40a970ef4cdbffa7b24b280e316db8accc"
  version = "v1.5.1"

[[projects]]
  digest = "1:e6d88834deb4e35eb998c74f4d042db6ccecaaf62c0f6d57905852800994af00"
  name = "go.uber.org/multierr"
  packages = ["."]
  pruneopts = "UT"
  revision = "824d08f79702fe5f54aca8400aa0d754318786e7"
  version = "v1.4.0"

[[projects]]
  branch = "master"
  digest = "1:3032e90a153750ea149f68bf081f97ca738f041fba45c41c80737f572ffdf2f4"
  name = "go.uber.org/tools"
  packages = ["update-license"]
  pruneopts = "UT"
  revision = "2cfd321de3ee5d5f8a5fda2521d1703478334d98"

[[projects]]
  digest = "1:260048b6193e304ee294452a9e3410c474e3ce187248c7e2e4a2631207386f74"
  name = "go.uber.org/zap"
  packages = [
    ".",
    "buffer",
    "internal/bufferpool",
    "internal/color",
    "internal/exit",
    "zapcore",
  ]
  pruneopts = "UT"
  revision = "33e58d4d0120aa28d4df84cd244838c490846c9d"
  version = "v1.13.0"

[[projects]]
  branch = "master"
  digest = "1:334b27eac455cb6567ea28cd424230b07b1a64334a2f861a8075ac26ce10af43"
  name = "golang.org/x/lint"
  packages = [
    ".",
    "golint",
  ]
  pruneopts = "UT"
  revision = "fdd1cda4f05fd1fd86124f0ef9ce31a0b72c8448"

[[projects]]
  branch = "master"
  digest = "1:8a44970c7e8c0a1c8646af14605c1ffd31374074d68101c2e11d7761df12c9d1"
  name = "golang.org/x/sys"
  packages = ["unix"]
  pruneopts = "UT"
  revision = "e047566fdf82409bf7a52212cf71df83ea2772fb"

[[projects]]
  digest = "1:1093f2eb4b344996604f7d8b29a16c5b22ab9e1b25652140d3fede39f640d5cd"
  name = "golang.org/x/text"
  packages = [
    "internal/gen",
    "internal/triegen",
    "internal/ucd",
    "transform",
    "unicode/cldr",
    "unicode/norm",
  ]
  pruneopts = "UT"
  revision = "342b2e1fbaa52c93f31447ad2c6abc048c63e475"
  version = "v0.3.2"

[[projects]]
  branch = "master"
  digest = "1:446aed191c5f2099fc46521b93a49301ce2c471ef4812445f44c844610448d68"
  name = "golang.org/x/tools"
  packages = [
    "go/analysis",
    "go/analysis/passes/inspect",
    "go/ast/astutil",
    "go/ast/inspector",
    "go/buildutil",
    "go/gcexportdata",
    "go/internal/gcimporter",
    "go/internal/packagesdriver",
    "go/packages",
    "go/types/objectpath",
    "go/types/typeutil",
    "internal/packagesinternal",
  ]
  pruneopts = "UT"
  revision = "593de606220b6283bd14765aab1e244ea650cd84"

[[projects]]
  digest = "1:0e49ce3bb641491517ba5035619be50aa07619814665c9761d0decb48f35ea94"
  name = "gopkg.in/go-playground/validator.v9"
  packages = ["."]
  pruneopts = "UT"
  revision = "21c910fc6d9c3556c28252b04beb17de0c2d40ec"
  version = "v9.31.0"

[[projects]]
  digest = "1:c4b5592c342f273e18de68e16957f536f6648f2e90c9d7ece653ac90c22079a9"
  name = "gopkg.in/ini.v1"
  packages = ["."]
  pruneopts = "UT"
  revision = "94291fffe2b14f4632ec0e67c1bfecfc1287a168"
  version = "v1.51.1"

[[projects]]
  digest = "1:c805e517269b0ba4c21ded5836019ed7d16953d4026cb7d00041d039c7906be9"
  name = "gopkg.in/natefinch/lumberjack.v2"
  packages = ["."]
  pruneopts = "UT"
  revision = "a96e63847dc3c67d17befa69c303767e2f84e54f"
  version = "v2.1"

[[projects]]
  digest = "1:55b110c99c5fdc4f14930747326acce56b52cfce60b24b1c03ef686ac0e46bb1"
  name = "gopkg.in/yaml.v2"
  packages = ["."]
  pruneopts = "UT"
  revision = "53403b58ad1b561927d19068c655246f2db79d48"
  version = "v2.2.8"

[[projects]]
  digest = "1:131158a88aad1f94854d0aa21a64af2802d0a470fb0f01cb33c04fafd2047111"
  name = "honnef.co/go/tools"
  packages = [
    "arg",
    "cmd/staticcheck",
    "config",
    "deprecated",
    "facts",
    "functions",
    "go/types/typeutil",
    "internal/cache",
    "internal/passes/buildssa",
    "internal/renameio",
    "internal/sharedcheck",
    "lint",
    "lint/lintdsl",
    "lint/lintutil",
    "lint/lintutil/format",
    "loader",
    "printf",
    "simple",
    "ssa",
    "ssautil",
    "staticcheck",
    "staticcheck/vrp",
    "stylecheck",
    "unused",
    "version",
  ]
  pruneopts = "UT"
  revision = "afd67930eec2a9ed3e9b19f684d17a062285f16a"
  version = "2019.2.3"

[solve-meta]
  analyzer-name = "dep"
  analyzer-version = 1
  input-imports = [
    "github.com/fsnotify/fsnotify",
    "github.com/gin-gonic/gin",
    "github.com/go-sql-driver/mysql",
    "github.com/gomodule/redigo/redis",
    "github.com/jinzhu/gorm",
    "github.com/jmoiron/sqlx",
    "github.com/kanhaiya15/gra/cfg",
    "github.com/kanhaiya15/gra/cfg/dbs/kmysql",
    "github.com/kanhaiya15/gra/cfg/dbs/kredis",
    "github.com/kanhaiya15/gra/pkg/klog",
    "github.com/spf13/viper",
    "github.com/thedevsaddam/govalidator",
    "go.uber.org/zap",
    "go.uber.org/zap/zapcore",
    "gopkg.in/natefinch/lumberjack.v2",
  ]
  solver-name = "gps-cdcl"
  solver-version = 1
